// !$*UTF8*$!
{
	archiveVersion = 1;
	classes = {
	};
	objectVersion = 51;
	objects = {

/* Begin PBXBuildFile section */
		8E028F43233838F000159EDF /* ActivitiesTableViewController.swift in Sources */ = {isa = PBXBuildFile; fileRef = 8E028F42233838F000159EDF /* ActivitiesTableViewController.swift */; };
		8E028F46233839E300159EDF /* ActivityTableItem.swift in Sources */ = {isa = PBXBuildFile; fileRef = 8E028F44233839E300159EDF /* ActivityTableItem.swift */; };
		8E028F47233839E300159EDF /* StudyTasks.swift in Sources */ = {isa = PBXBuildFile; fileRef = 8E028F45233839E300159EDF /* StudyTasks.swift */; };
		8E028F532338555000159EDF /* StudyContainerTabBarController.swift in Sources */ = {isa = PBXBuildFile; fileRef = 8E028F522338555000159EDF /* StudyContainerTabBarController.swift */; };
		8E028F562338567200159EDF /* HealthKitManager.swift in Sources */ = {isa = PBXBuildFile; fileRef = 8E028F552338567200159EDF /* HealthKitManager.swift */; };
		8E03635D2378D20F00A645E6 /* RITConfig.swift in Sources */ = {isa = PBXBuildFile; fileRef = 8E03635C2378D20F00A645E6 /* RITConfig.swift */; };
		8E1B55CB23557BB800C12F4D /* ActivityTableViewCell.swift in Sources */ = {isa = PBXBuildFile; fileRef = 8E1B55CA23557BB800C12F4D /* ActivityTableViewCell.swift */; };
		8E1B55CD23559E9100C12F4D /* ProfileTableItem.swift in Sources */ = {isa = PBXBuildFile; fileRef = 8E1B55CC23559E9100C12F4D /* ProfileTableItem.swift */; };
		8E1B55CF2355A0D900C12F4D /* StaticProfileViewController.swift in Sources */ = {isa = PBXBuildFile; fileRef = 8E1B55CE2355A0D900C12F4D /* StaticProfileViewController.swift */; };
		8E55CB3F2374BD0600F0E9E6 /* CS342Support.framework in Frameworks */ = {isa = PBXBuildFile; fileRef = 8E55CB3E2374BD0000F0E9E6 /* CS342Support.framework */; };
		8E55CB402374BD0600F0E9E6 /* CS342Support.framework in Embed Frameworks */ = {isa = PBXBuildFile; fileRef = 8E55CB3E2374BD0000F0E9E6 /* CS342Support.framework */; settings = {ATTRIBUTES = (CodeSignOnCopy, RemoveHeadersOnCopy, ); }; };
		8E5AF33123728A1900533967 /* LoginCustomWaitStepViewController.swift in Sources */ = {isa = PBXBuildFile; fileRef = 8E5AF33023728A1900533967 /* LoginCustomWaitStepViewController.swift */; };
		8E5AF33423728A3A00533967 /* LoginCustomWaitStepView.xib in Resources */ = {isa = PBXBuildFile; fileRef = 8E5AF33323728A3A00533967 /* LoginCustomWaitStepView.xib */; };
		8E5AF33623728F2300533967 /* Constants.swift in Sources */ = {isa = PBXBuildFile; fileRef = 8E5AF33523728F2300533967 /* Constants.swift */; };
		8E6710092338790800AA32AB /* LoginStep.swift in Sources */ = {isa = PBXBuildFile; fileRef = 8E6710082338790800AA32AB /* LoginStep.swift */; };
		8E67101023387C7A00AA32AB /* WithdrawalViewController.swift in Sources */ = {isa = PBXBuildFile; fileRef = 8E67100F23387C7A00AA32AB /* WithdrawalViewController.swift */; };
		8E67101B23388E3900AA32AB /* StudyUser.swift in Sources */ = {isa = PBXBuildFile; fileRef = 8E67101A23388E3900AA32AB /* StudyUser.swift */; };
		8E6710262338A14D00AA32AB /* ORKESerialization.m in Sources */ = {isa = PBXBuildFile; fileRef = 8E6710242338A14D00AA32AB /* ORKESerialization.m */; };
		8E78D5F2234808DE0026BED6 /* GoogleService-Info.plist in Resources */ = {isa = PBXBuildFile; fileRef = 8E78D5F1234808DE0026BED6 /* GoogleService-Info.plist */; };
		8EA015E12338230A002DCBBB /* AppDelegate.swift in Sources */ = {isa = PBXBuildFile; fileRef = 8EA015E02338230A002DCBBB /* AppDelegate.swift */; };
		8EA015E32338230A002DCBBB /* LaunchContainerViewController.swift in Sources */ = {isa = PBXBuildFile; fileRef = 8EA015E22338230A002DCBBB /* LaunchContainerViewController.swift */; };
		8EA015E62338230A002DCBBB /* Main.storyboard in Resources */ = {isa = PBXBuildFile; fileRef = 8EA015E42338230A002DCBBB /* Main.storyboard */; };
		8EA015E82338230D002DCBBB /* Assets.xcassets in Resources */ = {isa = PBXBuildFile; fileRef = 8EA015E72338230D002DCBBB /* Assets.xcassets */; };
		8EA015EB2338230D002DCBBB /* LaunchScreen.storyboard in Resources */ = {isa = PBXBuildFile; fileRef = 8EA015E92338230D002DCBBB /* LaunchScreen.storyboard */; };
		8EA015F623382385002DCBBB /* HealthKit.framework in Frameworks */ = {isa = PBXBuildFile; fileRef = 8EA015F523382385002DCBBB /* HealthKit.framework */; };
		8EA015FE23382821002DCBBB /* OnboardingViewController.swift in Sources */ = {isa = PBXBuildFile; fileRef = 8EA015FD23382821002DCBBB /* OnboardingViewController.swift */; };
		8EA01619233828BB002DCBBB /* IntroductionViewController.swift in Sources */ = {isa = PBXBuildFile; fileRef = 8EA01618233828BB002DCBBB /* IntroductionViewController.swift */; };
		8EA0161B233828E1002DCBBB /* ConsentDocument.swift in Sources */ = {isa = PBXBuildFile; fileRef = 8EA0161A233828E1002DCBBB /* ConsentDocument.swift */; };
		8EA0161F23382D76002DCBBB /* HealthDataStep.swift in Sources */ = {isa = PBXBuildFile; fileRef = 8EA0161E23382D76002DCBBB /* HealthDataStep.swift */; };
		8EA0162123382D83002DCBBB /* HealthDataStepViewController.swift in Sources */ = {isa = PBXBuildFile; fileRef = 8EA0162023382D83002DCBBB /* HealthDataStepViewController.swift */; };
		8EA24716237B956B00407166 /* CareKit.framework in Frameworks */ = {isa = PBXBuildFile; fileRef = 8EA2470F237B955700407166 /* CareKit.framework */; };
		8EA24717237B956B00407166 /* CareKit.framework in Embed Frameworks */ = {isa = PBXBuildFile; fileRef = 8EA2470F237B955700407166 /* CareKit.framework */; settings = {ATTRIBUTES = (CodeSignOnCopy, RemoveHeadersOnCopy, ); }; };
		8EA24732237B95ED00407166 /* CareKitStore.framework in Frameworks */ = {isa = PBXBuildFile; fileRef = 8EA2471E237B95DB00407166 /* CareKitStore.framework */; };
		8EA24733237B95ED00407166 /* CareKitStore.framework in Embed Frameworks */ = {isa = PBXBuildFile; fileRef = 8EA2471E237B95DB00407166 /* CareKitStore.framework */; settings = {ATTRIBUTES = (CodeSignOnCopy, RemoveHeadersOnCopy, ); }; };
		8EA24734237B95ED00407166 /* CareKitUI.framework in Frameworks */ = {isa = PBXBuildFile; fileRef = 8EA24727237B95DB00407166 /* CareKitUI.framework */; };
		8EA24735237B95ED00407166 /* CareKitUI.framework in Embed Frameworks */ = {isa = PBXBuildFile; fileRef = 8EA24727237B95DB00407166 /* CareKitUI.framework */; settings = {ATTRIBUTES = (CodeSignOnCopy, RemoveHeadersOnCopy, ); }; };
		8EA24767237B973100407166 /* ResearchKit.framework in Frameworks */ = {isa = PBXBuildFile; fileRef = 8EA24764237B972A00407166 /* ResearchKit.framework */; };
		8EA24768237B973200407166 /* ResearchKit.framework in Embed Frameworks */ = {isa = PBXBuildFile; fileRef = 8EA24764237B972A00407166 /* ResearchKit.framework */; settings = {ATTRIBUTES = (CodeSignOnCopy, RemoveHeadersOnCopy, ); }; };
		8EA2476B237BC41300407166 /* CareViewController.swift in Sources */ = {isa = PBXBuildFile; fileRef = 8EA24769237BC41300407166 /* CareViewController.swift */; };
		8EA2476C237BC41300407166 /* TipView.swift in Sources */ = {isa = PBXBuildFile; fileRef = 8EA2476A237BC41300407166 /* TipView.swift */; };
		8EA2476E237BC51C00407166 /* CareKitManager.swift in Sources */ = {isa = PBXBuildFile; fileRef = 8EA2476D237BC51C00407166 /* CareKitManager.swift */; };
		8EDB77CA23762E7400EC1B4C /* RIT-GoogleService-Info.plist in Resources */ = {isa = PBXBuildFile; fileRef = 8EDB77C923762E7400EC1B4C /* RIT-GoogleService-Info.plist */; };
		B083B52902E8CE1E6A11F857 /* Pods_Master_Sample.framework in Frameworks */ = {isa = PBXBuildFile; fileRef = EE197A4313244D66F9443580 /* Pods_Master_Sample.framework */; };
/* End PBXBuildFile section */

/* Begin PBXContainerItemProxy section */
		8E55CB3D2374BD0000F0E9E6 /* PBXContainerItemProxy */ = {
			isa = PBXContainerItemProxy;
			containerPortal = 8E55CB392374BD0000F0E9E6 /* CS342Support.xcodeproj */;
			proxyType = 2;
			remoteGlobalIDString = 8ECC933E231C7DB300A6DB80;
			remoteInfo = CS342Support;
		};
		8E55CB412374BD0600F0E9E6 /* PBXContainerItemProxy */ = {
			isa = PBXContainerItemProxy;
			containerPortal = 8E55CB392374BD0000F0E9E6 /* CS342Support.xcodeproj */;
			proxyType = 1;
			remoteGlobalIDString = 8ECC933D231C7DB300A6DB80;
			remoteInfo = CS342Support;
		};
		8EA2470E237B955700407166 /* PBXContainerItemProxy */ = {
			isa = PBXContainerItemProxy;
			containerPortal = 8EA24709237B955700407166 /* CareKit.xcodeproj */;
			proxyType = 2;
			remoteGlobalIDString = 8605A5BA1C4F04EC00DD65FF;
			remoteInfo = CareKit;
		};
		8EA24710237B955700407166 /* PBXContainerItemProxy */ = {
			isa = PBXContainerItemProxy;
			containerPortal = 8EA24709237B955700407166 /* CareKit.xcodeproj */;
			proxyType = 2;
			remoteGlobalIDString = 5196C7F9226F8F8F00F1C2A2;
			remoteInfo = CareKitTests;
		};
		8EA2471D237B95DB00407166 /* PBXContainerItemProxy */ = {
			isa = PBXContainerItemProxy;
			containerPortal = 8EA24718237B95DB00407166 /* CareKitStore.xcodeproj */;
			proxyType = 2;
			remoteGlobalIDString = E784B8F82232EED600736CA5;
			remoteInfo = CareKitStore;
		};
		8EA2471F237B95DB00407166 /* PBXContainerItemProxy */ = {
			isa = PBXContainerItemProxy;
			containerPortal = 8EA24718237B95DB00407166 /* CareKitStore.xcodeproj */;
			proxyType = 2;
			remoteGlobalIDString = E784B9012232EED600736CA5;
			remoteInfo = CareKitStoreTests;
		};
		8EA24726237B95DB00407166 /* PBXContainerItemProxy */ = {
			isa = PBXContainerItemProxy;
			containerPortal = 8EA24721237B95DB00407166 /* CareKitUI.xcodeproj */;
			proxyType = 2;
			remoteGlobalIDString = 5174225B224185290054E97C;
			remoteInfo = CareKitUI;
		};
		8EA24728237B95DB00407166 /* PBXContainerItemProxy */ = {
			isa = PBXContainerItemProxy;
			containerPortal = 8EA24721237B95DB00407166 /* CareKitUI.xcodeproj */;
			proxyType = 2;
			remoteGlobalIDString = 512B012E22C2F82900ABCB1D;
			remoteInfo = CareKitUITests;
		};
		8EA24763237B972A00407166 /* PBXContainerItemProxy */ = {
			isa = PBXContainerItemProxy;
			containerPortal = 8EA24757237B972900407166 /* ResearchKit.xcodeproj */;
			proxyType = 2;
			remoteGlobalIDString = B183A5951A8535D100C76870;
			remoteInfo = ResearchKit;
		};
		8EA24765237B972A00407166 /* PBXContainerItemProxy */ = {
			isa = PBXContainerItemProxy;
			containerPortal = 8EA24757237B972900407166 /* ResearchKit.xcodeproj */;
			proxyType = 2;
			remoteGlobalIDString = 86CC8E9A1AC09332001CCD89;
			remoteInfo = ResearchKitTests;
		};
/* End PBXContainerItemProxy section */

/* Begin PBXCopyFilesBuildPhase section */
		8EA0161723382874002DCBBB /* Embed Frameworks */ = {
			isa = PBXCopyFilesBuildPhase;
			buildActionMask = 2147483647;
			dstPath = "";
			dstSubfolderSpec = 10;
			files = (
				8EA24735237B95ED00407166 /* CareKitUI.framework in Embed Frameworks */,
				8EA24733237B95ED00407166 /* CareKitStore.framework in Embed Frameworks */,
				8EA24717237B956B00407166 /* CareKit.framework in Embed Frameworks */,
				8E55CB402374BD0600F0E9E6 /* CS342Support.framework in Embed Frameworks */,
				8EA24768237B973200407166 /* ResearchKit.framework in Embed Frameworks */,
			);
			name = "Embed Frameworks";
			runOnlyForDeploymentPostprocessing = 0;
		};
/* End PBXCopyFilesBuildPhase section */

/* Begin PBXFileReference section */
		715352001ACBE8D651FF0BEE /* Pods-Master-Sample.release.xcconfig */ = {isa = PBXFileReference; includeInIndex = 1; lastKnownFileType = text.xcconfig; name = "Pods-Master-Sample.release.xcconfig"; path = "Target Support Files/Pods-Master-Sample/Pods-Master-Sample.release.xcconfig"; sourceTree = "<group>"; };
		8E028F42233838F000159EDF /* ActivitiesTableViewController.swift */ = {isa = PBXFileReference; lastKnownFileType = sourcecode.swift; path = ActivitiesTableViewController.swift; sourceTree = "<group>"; };
		8E028F44233839E300159EDF /* ActivityTableItem.swift */ = {isa = PBXFileReference; fileEncoding = 4; lastKnownFileType = sourcecode.swift; path = ActivityTableItem.swift; sourceTree = "<group>"; };
		8E028F45233839E300159EDF /* StudyTasks.swift */ = {isa = PBXFileReference; fileEncoding = 4; lastKnownFileType = sourcecode.swift; path = StudyTasks.swift; sourceTree = "<group>"; };
		8E028F522338555000159EDF /* StudyContainerTabBarController.swift */ = {isa = PBXFileReference; lastKnownFileType = sourcecode.swift; path = StudyContainerTabBarController.swift; sourceTree = "<group>"; };
		8E028F552338567200159EDF /* HealthKitManager.swift */ = {isa = PBXFileReference; lastKnownFileType = sourcecode.swift; path = HealthKitManager.swift; sourceTree = "<group>"; };
		8E03635C2378D20F00A645E6 /* RITConfig.swift */ = {isa = PBXFileReference; lastKnownFileType = sourcecode.swift; path = RITConfig.swift; sourceTree = "<group>"; };
		8E1B55CA23557BB800C12F4D /* ActivityTableViewCell.swift */ = {isa = PBXFileReference; lastKnownFileType = sourcecode.swift; path = ActivityTableViewCell.swift; sourceTree = "<group>"; };
		8E1B55CC23559E9100C12F4D /* ProfileTableItem.swift */ = {isa = PBXFileReference; lastKnownFileType = sourcecode.swift; path = ProfileTableItem.swift; sourceTree = "<group>"; };
		8E1B55CE2355A0D900C12F4D /* StaticProfileViewController.swift */ = {isa = PBXFileReference; lastKnownFileType = sourcecode.swift; path = StaticProfileViewController.swift; sourceTree = "<group>"; };
		8E55CB392374BD0000F0E9E6 /* CS342Support.xcodeproj */ = {isa = PBXFileReference; lastKnownFileType = "wrapper.pb-project"; name = CS342Support.xcodeproj; path = "CS342-Support-Library/CS342Support.xcodeproj"; sourceTree = "<group>"; };
		8E5AF33023728A1900533967 /* LoginCustomWaitStepViewController.swift */ = {isa = PBXFileReference; lastKnownFileType = sourcecode.swift; path = LoginCustomWaitStepViewController.swift; sourceTree = "<group>"; };
		8E5AF33323728A3A00533967 /* LoginCustomWaitStepView.xib */ = {isa = PBXFileReference; lastKnownFileType = file.xib; path = LoginCustomWaitStepView.xib; sourceTree = "<group>"; };
		8E5AF33523728F2300533967 /* Constants.swift */ = {isa = PBXFileReference; lastKnownFileType = sourcecode.swift; path = Constants.swift; sourceTree = "<group>"; };
		8E6710082338790800AA32AB /* LoginStep.swift */ = {isa = PBXFileReference; lastKnownFileType = sourcecode.swift; path = LoginStep.swift; sourceTree = "<group>"; };
		8E67100F23387C7A00AA32AB /* WithdrawalViewController.swift */ = {isa = PBXFileReference; lastKnownFileType = sourcecode.swift; path = WithdrawalViewController.swift; sourceTree = "<group>"; };
		8E67101A23388E3900AA32AB /* StudyUser.swift */ = {isa = PBXFileReference; lastKnownFileType = sourcecode.swift; path = StudyUser.swift; sourceTree = "<group>"; };
		8E6710222338A05300AA32AB /* Study-Bridging-Header.h */ = {isa = PBXFileReference; lastKnownFileType = sourcecode.c.h; path = "Study-Bridging-Header.h"; sourceTree = "<group>"; };
		8E6710242338A14D00AA32AB /* ORKESerialization.m */ = {isa = PBXFileReference; fileEncoding = 4; lastKnownFileType = sourcecode.c.objc; path = ORKESerialization.m; sourceTree = "<group>"; };
		8E6710252338A14D00AA32AB /* ORKESerialization.h */ = {isa = PBXFileReference; fileEncoding = 4; lastKnownFileType = sourcecode.c.h; path = ORKESerialization.h; sourceTree = "<group>"; };
		8E78D5F1234808DE0026BED6 /* GoogleService-Info.plist */ = {isa = PBXFileReference; fileEncoding = 4; lastKnownFileType = text.plist.xml; path = "GoogleService-Info.plist"; sourceTree = "<group>"; };
		8EA015DD2338230A002DCBBB /* Master-Sample.app */ = {isa = PBXFileReference; explicitFileType = wrapper.application; includeInIndex = 0; path = "Master-Sample.app"; sourceTree = BUILT_PRODUCTS_DIR; };
		8EA015E02338230A002DCBBB /* AppDelegate.swift */ = {isa = PBXFileReference; lastKnownFileType = sourcecode.swift; path = AppDelegate.swift; sourceTree = "<group>"; };
		8EA015E22338230A002DCBBB /* LaunchContainerViewController.swift */ = {isa = PBXFileReference; lastKnownFileType = sourcecode.swift; path = LaunchContainerViewController.swift; sourceTree = "<group>"; };
		8EA015E52338230A002DCBBB /* Base */ = {isa = PBXFileReference; lastKnownFileType = file.storyboard; name = Base; path = Base.lproj/Main.storyboard; sourceTree = "<group>"; };
		8EA015E72338230D002DCBBB /* Assets.xcassets */ = {isa = PBXFileReference; lastKnownFileType = folder.assetcatalog; path = Assets.xcassets; sourceTree = "<group>"; };
		8EA015EA2338230D002DCBBB /* Base */ = {isa = PBXFileReference; lastKnownFileType = file.storyboard; name = Base; path = Base.lproj/LaunchScreen.storyboard; sourceTree = "<group>"; };
		8EA015EC2338230D002DCBBB /* Info.plist */ = {isa = PBXFileReference; lastKnownFileType = text.plist.xml; path = Info.plist; sourceTree = "<group>"; };
		8EA015F323382385002DCBBB /* Master-Sample.entitlements */ = {isa = PBXFileReference; lastKnownFileType = text.plist.entitlements; path = "Master-Sample.entitlements"; sourceTree = "<group>"; };
		8EA015F523382385002DCBBB /* HealthKit.framework */ = {isa = PBXFileReference; lastKnownFileType = wrapper.framework; name = HealthKit.framework; path = System/Library/Frameworks/HealthKit.framework; sourceTree = SDKROOT; };
		8EA015FD23382821002DCBBB /* OnboardingViewController.swift */ = {isa = PBXFileReference; lastKnownFileType = sourcecode.swift; path = OnboardingViewController.swift; sourceTree = "<group>"; };
		8EA01618233828BB002DCBBB /* IntroductionViewController.swift */ = {isa = PBXFileReference; lastKnownFileType = sourcecode.swift; path = IntroductionViewController.swift; sourceTree = "<group>"; };
		8EA0161A233828E1002DCBBB /* ConsentDocument.swift */ = {isa = PBXFileReference; lastKnownFileType = sourcecode.swift; path = ConsentDocument.swift; sourceTree = "<group>"; };
		8EA0161E23382D76002DCBBB /* HealthDataStep.swift */ = {isa = PBXFileReference; lastKnownFileType = sourcecode.swift; path = HealthDataStep.swift; sourceTree = "<group>"; };
		8EA0162023382D83002DCBBB /* HealthDataStepViewController.swift */ = {isa = PBXFileReference; lastKnownFileType = sourcecode.swift; path = HealthDataStepViewController.swift; sourceTree = "<group>"; };
		8EA24709237B955700407166 /* CareKit.xcodeproj */ = {isa = PBXFileReference; lastKnownFileType = "wrapper.pb-project"; name = CareKit.xcodeproj; path = CareKit/CareKit/CareKit.xcodeproj; sourceTree = "<group>"; };
		8EA24718237B95DB00407166 /* CareKitStore.xcodeproj */ = {isa = PBXFileReference; lastKnownFileType = "wrapper.pb-project"; name = CareKitStore.xcodeproj; path = CareKit/CareKitStore/CareKitStore.xcodeproj; sourceTree = "<group>"; };
		8EA24721237B95DB00407166 /* CareKitUI.xcodeproj */ = {isa = PBXFileReference; lastKnownFileType = "wrapper.pb-project"; name = CareKitUI.xcodeproj; path = CareKit/CareKitUI/CareKitUI.xcodeproj; sourceTree = "<group>"; };
		8EA24757237B972900407166 /* ResearchKit.xcodeproj */ = {isa = PBXFileReference; lastKnownFileType = "wrapper.pb-project"; name = ResearchKit.xcodeproj; path = ResearchKit/ResearchKit.xcodeproj; sourceTree = "<group>"; };
		8EA24769237BC41300407166 /* CareViewController.swift */ = {isa = PBXFileReference; fileEncoding = 4; lastKnownFileType = sourcecode.swift; path = CareViewController.swift; sourceTree = "<group>"; };
		8EA2476A237BC41300407166 /* TipView.swift */ = {isa = PBXFileReference; fileEncoding = 4; lastKnownFileType = sourcecode.swift; path = TipView.swift; sourceTree = "<group>"; };
		8EA2476D237BC51C00407166 /* CareKitManager.swift */ = {isa = PBXFileReference; lastKnownFileType = sourcecode.swift; path = CareKitManager.swift; sourceTree = "<group>"; };
		8EDB77C923762E7400EC1B4C /* RIT-GoogleService-Info.plist */ = {isa = PBXFileReference; fileEncoding = 4; lastKnownFileType = text.plist.xml; path = "RIT-GoogleService-Info.plist"; sourceTree = "<group>"; };
		EE197A4313244D66F9443580 /* Pods_Master_Sample.framework */ = {isa = PBXFileReference; explicitFileType = wrapper.framework; includeInIndex = 0; path = Pods_Master_Sample.framework; sourceTree = BUILT_PRODUCTS_DIR; };
		FD00C0A5E814CBB847062E4F /* Pods-Master-Sample.debug.xcconfig */ = {isa = PBXFileReference; includeInIndex = 1; lastKnownFileType = text.xcconfig; name = "Pods-Master-Sample.debug.xcconfig"; path = "Target Support Files/Pods-Master-Sample/Pods-Master-Sample.debug.xcconfig"; sourceTree = "<group>"; };
/* End PBXFileReference section */

/* Begin PBXFrameworksBuildPhase section */
		8EA015DA2338230A002DCBBB /* Frameworks */ = {
			isa = PBXFrameworksBuildPhase;
			buildActionMask = 2147483647;
			files = (
				8EA24716237B956B00407166 /* CareKit.framework in Frameworks */,
				8EA015F623382385002DCBBB /* HealthKit.framework in Frameworks */,
				8EA24734237B95ED00407166 /* CareKitUI.framework in Frameworks */,
				B083B52902E8CE1E6A11F857 /* Pods_Master_Sample.framework in Frameworks */,
				8EA24732237B95ED00407166 /* CareKitStore.framework in Frameworks */,
				8EA24767237B973100407166 /* ResearchKit.framework in Frameworks */,
				8E55CB3F2374BD0600F0E9E6 /* CS342Support.framework in Frameworks */,
			);
			runOnlyForDeploymentPostprocessing = 0;
		};
/* End PBXFrameworksBuildPhase section */

/* Begin PBXGroup section */
		448235A7F0C52AF0F13FB9DC /* Pods */ = {
			isa = PBXGroup;
			children = (
				FD00C0A5E814CBB847062E4F /* Pods-Master-Sample.debug.xcconfig */,
				715352001ACBE8D651FF0BEE /* Pods-Master-Sample.release.xcconfig */,
			);
			path = Pods;
			sourceTree = "<group>";
		};
		8E028F3F233838D200159EDF /* Activities */ = {
			isa = PBXGroup;
			children = (
				8E028F44233839E300159EDF /* ActivityTableItem.swift */,
				8E028F45233839E300159EDF /* StudyTasks.swift */,
				8E028F42233838F000159EDF /* ActivitiesTableViewController.swift */,
				8E1B55CA23557BB800C12F4D /* ActivityTableViewCell.swift */,
			);
			path = Activities;
			sourceTree = "<group>";
		};
		8E028F4D23384E7D00159EDF /* Profile */ = {
			isa = PBXGroup;
			children = (
				8E1B55CC23559E9100C12F4D /* ProfileTableItem.swift */,
				8E1B55CE2355A0D900C12F4D /* StaticProfileViewController.swift */,
			);
			path = Profile;
			sourceTree = "<group>";
		};
		8E028F54233855A300159EDF /* HealthKit */ = {
			isa = PBXGroup;
			children = (
				8E028F552338567200159EDF /* HealthKitManager.swift */,
			);
			path = HealthKit;
			sourceTree = "<group>";
		};
		8E55CB3A2374BD0000F0E9E6 /* Products */ = {
			isa = PBXGroup;
			children = (
				8E55CB3E2374BD0000F0E9E6 /* CS342Support.framework */,
			);
			name = Products;
			sourceTree = "<group>";
		};
		8E5AF33223728A1F00533967 /* Views */ = {
			isa = PBXGroup;
			children = (
				8E5AF33323728A3A00533967 /* LoginCustomWaitStepView.xib */,
			);
			path = Views;
			sourceTree = "<group>";
		};
		8E67100E23387C6A00AA32AB /* Withdrawal */ = {
			isa = PBXGroup;
			children = (
				8E67100F23387C7A00AA32AB /* WithdrawalViewController.swift */,
			);
			path = Withdrawal;
			sourceTree = "<group>";
		};
		8E67101923388E1B00AA32AB /* Account */ = {
			isa = PBXGroup;
			children = (
				8E67101A23388E3900AA32AB /* StudyUser.swift */,
				8E03635C2378D20F00A645E6 /* RITConfig.swift */,
			);
			path = Account;
			sourceTree = "<group>";
		};
		8E6710232338A13600AA32AB /* ResearchKit */ = {
			isa = PBXGroup;
			children = (
				8E6710252338A14D00AA32AB /* ORKESerialization.h */,
				8E6710242338A14D00AA32AB /* ORKESerialization.m */,
			);
			path = ResearchKit;
			sourceTree = "<group>";
		};
		8EA015D42338230A002DCBBB = {
			isa = PBXGroup;
			children = (
				8EA24757237B972900407166 /* ResearchKit.xcodeproj */,
				8EA24709237B955700407166 /* CareKit.xcodeproj */,
				8EA24718237B95DB00407166 /* CareKitStore.xcodeproj */,
				8EA24721237B95DB00407166 /* CareKitUI.xcodeproj */,
				8E55CB392374BD0000F0E9E6 /* CS342Support.xcodeproj */,
				8EA015DF2338230A002DCBBB /* Master-Sample */,
				8EA015DE2338230A002DCBBB /* Products */,
				8EA015F423382385002DCBBB /* Frameworks */,
				448235A7F0C52AF0F13FB9DC /* Pods */,
			);
			sourceTree = "<group>";
		};
		8EA015DE2338230A002DCBBB /* Products */ = {
			isa = PBXGroup;
			children = (
				8EA015DD2338230A002DCBBB /* Master-Sample.app */,
			);
			name = Products;
			sourceTree = "<group>";
		};
		8EA015DF2338230A002DCBBB /* Master-Sample */ = {
			isa = PBXGroup;
			children = (
				8EA53F69237B833700729FBF /* CareKit */,
				8EA015F22338235A002DCBBB /* Supporting Files */,
				8E67101923388E1B00AA32AB /* Account */,
				8E028F54233855A300159EDF /* HealthKit */,
				8E028F3F233838D200159EDF /* Activities */,
				8E028F4D23384E7D00159EDF /* Profile */,
				8EA015FB233827FD002DCBBB /* Onboarding */,
				8E67100E23387C6A00AA32AB /* Withdrawal */,
				8EA015E02338230A002DCBBB /* AppDelegate.swift */,
				8EA015E22338230A002DCBBB /* LaunchContainerViewController.swift */,
				8EA015E42338230A002DCBBB /* Main.storyboard */,
				8E028F522338555000159EDF /* StudyContainerTabBarController.swift */,
				8EDB77C923762E7400EC1B4C /* RIT-GoogleService-Info.plist */,
				8E78D5F1234808DE0026BED6 /* GoogleService-Info.plist */,
				8E6710222338A05300AA32AB /* Study-Bridging-Header.h */,
			);
			path = "Master-Sample";
			sourceTree = "<group>";
		};
		8EA015F22338235A002DCBBB /* Supporting Files */ = {
			isa = PBXGroup;
			children = (
				8E6710232338A13600AA32AB /* ResearchKit */,
				8EA015F323382385002DCBBB /* Master-Sample.entitlements */,
				8EA015E72338230D002DCBBB /* Assets.xcassets */,
				8EA015E92338230D002DCBBB /* LaunchScreen.storyboard */,
				8EA015EC2338230D002DCBBB /* Info.plist */,
				8E5AF33523728F2300533967 /* Constants.swift */,
			);
			path = "Supporting Files";
			sourceTree = "<group>";
		};
		8EA015F423382385002DCBBB /* Frameworks */ = {
			isa = PBXGroup;
			children = (
				8EA015F523382385002DCBBB /* HealthKit.framework */,
				EE197A4313244D66F9443580 /* Pods_Master_Sample.framework */,
			);
			name = Frameworks;
			sourceTree = "<group>";
		};
		8EA015FB233827FD002DCBBB /* Onboarding */ = {
			isa = PBXGroup;
			children = (
				8EA015FC23382811002DCBBB /* Steps */,
				8EA015FD23382821002DCBBB /* OnboardingViewController.swift */,
				8EA01618233828BB002DCBBB /* IntroductionViewController.swift */,
			);
			path = Onboarding;
			sourceTree = "<group>";
		};
		8EA015FC23382811002DCBBB /* Steps */ = {
			isa = PBXGroup;
			children = (
				8E5AF33223728A1F00533967 /* Views */,
				8EA0161A233828E1002DCBBB /* ConsentDocument.swift */,
				8EA0161E23382D76002DCBBB /* HealthDataStep.swift */,
				8EA0162023382D83002DCBBB /* HealthDataStepViewController.swift */,
				8E6710082338790800AA32AB /* LoginStep.swift */,
				8E5AF33023728A1900533967 /* LoginCustomWaitStepViewController.swift */,
			);
			path = Steps;
			sourceTree = "<group>";
		};
		8EA2470A237B955700407166 /* Products */ = {
			isa = PBXGroup;
			children = (
				8EA2470F237B955700407166 /* CareKit.framework */,
				8EA24711237B955700407166 /* CareKitTests.xctest */,
			);
			name = Products;
			sourceTree = "<group>";
		};
		8EA24719237B95DB00407166 /* Products */ = {
			isa = PBXGroup;
			children = (
				8EA2471E237B95DB00407166 /* CareKitStore.framework */,
				8EA24720237B95DB00407166 /* CareKitStoreTests.xctest */,
			);
			name = Products;
			sourceTree = "<group>";
		};
		8EA24722237B95DB00407166 /* Products */ = {
			isa = PBXGroup;
			children = (
				8EA24727237B95DB00407166 /* CareKitUI.framework */,
				8EA24729237B95DB00407166 /* CareKitUITests.xctest */,
			);
			name = Products;
			sourceTree = "<group>";
		};
		8EA24758237B972900407166 /* Products */ = {
			isa = PBXGroup;
			children = (
				8EA24764237B972A00407166 /* ResearchKit.framework */,
				8EA24766237B972A00407166 /* ResearchKitTests.xctest */,
			);
			name = Products;
			sourceTree = "<group>";
		};
		8EA53F69237B833700729FBF /* CareKit */ = {
			isa = PBXGroup;
			children = (
				8EA24769237BC41300407166 /* CareViewController.swift */,
				8EA2476A237BC41300407166 /* TipView.swift */,
				8EA2476D237BC51C00407166 /* CareKitManager.swift */,
			);
			path = CareKit;
			sourceTree = "<group>";
		};
/* End PBXGroup section */

/* Begin PBXNativeTarget section */
		8EA015DC2338230A002DCBBB /* Master-Sample */ = {
			isa = PBXNativeTarget;
			buildConfigurationList = 8EA015EF2338230D002DCBBB /* Build configuration list for PBXNativeTarget "Master-Sample" */;
			buildPhases = (
				A869A27822F4223BFFBF82B3 /* [CP] Check Pods Manifest.lock */,
				8EA015D92338230A002DCBBB /* Sources */,
				8EA015DA2338230A002DCBBB /* Frameworks */,
				8EA015DB2338230A002DCBBB /* Resources */,
				8EA0161723382874002DCBBB /* Embed Frameworks */,
				2DA97285A5CF13A0B49A594B /* [CP] Embed Pods Frameworks */,
			);
			buildRules = (
			);
			dependencies = (
				8E55CB422374BD0600F0E9E6 /* PBXTargetDependency */,
			);
			name = "Master-Sample";
			productName = "Master-Sample";
			productReference = 8EA015DD2338230A002DCBBB /* Master-Sample.app */;
			productType = "com.apple.product-type.application";
		};
/* End PBXNativeTarget section */

/* Begin PBXProject section */
		8EA015D52338230A002DCBBB /* Project object */ = {
			isa = PBXProject;
			attributes = {
				LastSwiftUpdateCheck = 1030;
				LastUpgradeCheck = 1030;
				ORGANIZATIONNAME = "Stanford University";
				TargetAttributes = {
					8EA015DC2338230A002DCBBB = {
						CreatedOnToolsVersion = 10.3;
						SystemCapabilities = {
							com.apple.DataProtection = {
								enabled = 1;
							};
							com.apple.HealthKit = {
								enabled = 1;
							};
							com.apple.Keychain = {
								enabled = 1;
							};
							com.apple.SafariKeychain = {
								enabled = 1;
							};
						};
					};
				};
			};
			buildConfigurationList = 8EA015D82338230A002DCBBB /* Build configuration list for PBXProject "Master-Sample" */;
			compatibilityVersion = "Xcode 9.3";
			developmentRegion = en;
			hasScannedForEncodings = 0;
			knownRegions = (
				en,
				Base,
			);
			mainGroup = 8EA015D42338230A002DCBBB;
			productRefGroup = 8EA015DE2338230A002DCBBB /* Products */;
			projectDirPath = "";
			projectReferences = (
				{
					ProductGroup = 8EA2470A237B955700407166 /* Products */;
					ProjectRef = 8EA24709237B955700407166 /* CareKit.xcodeproj */;
				},
				{
					ProductGroup = 8EA24719237B95DB00407166 /* Products */;
					ProjectRef = 8EA24718237B95DB00407166 /* CareKitStore.xcodeproj */;
				},
				{
					ProductGroup = 8EA24722237B95DB00407166 /* Products */;
					ProjectRef = 8EA24721237B95DB00407166 /* CareKitUI.xcodeproj */;
				},
				{
					ProductGroup = 8E55CB3A2374BD0000F0E9E6 /* Products */;
					ProjectRef = 8E55CB392374BD0000F0E9E6 /* CS342Support.xcodeproj */;
				},
				{
					ProductGroup = 8EA24758237B972900407166 /* Products */;
					ProjectRef = 8EA24757237B972900407166 /* ResearchKit.xcodeproj */;
				},
			);
			projectRoot = "";
			targets = (
				8EA015DC2338230A002DCBBB /* Master-Sample */,
			);
		};
/* End PBXProject section */

/* Begin PBXReferenceProxy section */
		8E55CB3E2374BD0000F0E9E6 /* CS342Support.framework */ = {
			isa = PBXReferenceProxy;
			fileType = wrapper.framework;
			path = CS342Support.framework;
			remoteRef = 8E55CB3D2374BD0000F0E9E6 /* PBXContainerItemProxy */;
			sourceTree = BUILT_PRODUCTS_DIR;
		};
		8EA2470F237B955700407166 /* CareKit.framework */ = {
			isa = PBXReferenceProxy;
			fileType = wrapper.framework;
			path = CareKit.framework;
			remoteRef = 8EA2470E237B955700407166 /* PBXContainerItemProxy */;
			sourceTree = BUILT_PRODUCTS_DIR;
		};
		8EA24711237B955700407166 /* CareKitTests.xctest */ = {
			isa = PBXReferenceProxy;
			fileType = wrapper.cfbundle;
			path = CareKitTests.xctest;
			remoteRef = 8EA24710237B955700407166 /* PBXContainerItemProxy */;
			sourceTree = BUILT_PRODUCTS_DIR;
		};
		8EA2471E237B95DB00407166 /* CareKitStore.framework */ = {
			isa = PBXReferenceProxy;
			fileType = wrapper.framework;
			path = CareKitStore.framework;
			remoteRef = 8EA2471D237B95DB00407166 /* PBXContainerItemProxy */;
			sourceTree = BUILT_PRODUCTS_DIR;
		};
		8EA24720237B95DB00407166 /* CareKitStoreTests.xctest */ = {
			isa = PBXReferenceProxy;
			fileType = wrapper.cfbundle;
			path = CareKitStoreTests.xctest;
			remoteRef = 8EA2471F237B95DB00407166 /* PBXContainerItemProxy */;
			sourceTree = BUILT_PRODUCTS_DIR;
		};
		8EA24727237B95DB00407166 /* CareKitUI.framework */ = {
			isa = PBXReferenceProxy;
			fileType = wrapper.framework;
			path = CareKitUI.framework;
			remoteRef = 8EA24726237B95DB00407166 /* PBXContainerItemProxy */;
			sourceTree = BUILT_PRODUCTS_DIR;
		};
		8EA24729237B95DB00407166 /* CareKitUITests.xctest */ = {
			isa = PBXReferenceProxy;
			fileType = wrapper.cfbundle;
			path = CareKitUITests.xctest;
			remoteRef = 8EA24728237B95DB00407166 /* PBXContainerItemProxy */;
			sourceTree = BUILT_PRODUCTS_DIR;
		};
		8EA24764237B972A00407166 /* ResearchKit.framework */ = {
			isa = PBXReferenceProxy;
			fileType = wrapper.framework;
			path = ResearchKit.framework;
			remoteRef = 8EA24763237B972A00407166 /* PBXContainerItemProxy */;
			sourceTree = BUILT_PRODUCTS_DIR;
		};
		8EA24766237B972A00407166 /* ResearchKitTests.xctest */ = {
			isa = PBXReferenceProxy;
			fileType = wrapper.cfbundle;
			path = ResearchKitTests.xctest;
			remoteRef = 8EA24765237B972A00407166 /* PBXContainerItemProxy */;
			sourceTree = BUILT_PRODUCTS_DIR;
		};
/* End PBXReferenceProxy section */

/* Begin PBXResourcesBuildPhase section */
		8EA015DB2338230A002DCBBB /* Resources */ = {
			isa = PBXResourcesBuildPhase;
			buildActionMask = 2147483647;
			files = (
				8EA015EB2338230D002DCBBB /* LaunchScreen.storyboard in Resources */,
				8E5AF33423728A3A00533967 /* LoginCustomWaitStepView.xib in Resources */,
				8E78D5F2234808DE0026BED6 /* GoogleService-Info.plist in Resources */,
				8EA015E82338230D002DCBBB /* Assets.xcassets in Resources */,
				8EA015E62338230A002DCBBB /* Main.storyboard in Resources */,
				8EDB77CA23762E7400EC1B4C /* RIT-GoogleService-Info.plist in Resources */,
			);
			runOnlyForDeploymentPostprocessing = 0;
		};
/* End PBXResourcesBuildPhase section */

/* Begin PBXShellScriptBuildPhase section */
		2DA97285A5CF13A0B49A594B /* [CP] Embed Pods Frameworks */ = {
			isa = PBXShellScriptBuildPhase;
			buildActionMask = 2147483647;
			files = (
			);
			inputFileListPaths = (
				"${PODS_ROOT}/Target Support Files/Pods-Master-Sample/Pods-Master-Sample-frameworks-${CONFIGURATION}-input-files.xcfilelist",
			);
			name = "[CP] Embed Pods Frameworks";
			outputFileListPaths = (
				"${PODS_ROOT}/Target Support Files/Pods-Master-Sample/Pods-Master-Sample-frameworks-${CONFIGURATION}-output-files.xcfilelist",
			);
			runOnlyForDeploymentPostprocessing = 0;
			shellPath = /bin/sh;
			shellScript = "\"${PODS_ROOT}/Target Support Files/Pods-Master-Sample/Pods-Master-Sample-frameworks.sh\"\n";
			showEnvVarsInLog = 0;
		};
		A869A27822F4223BFFBF82B3 /* [CP] Check Pods Manifest.lock */ = {
			isa = PBXShellScriptBuildPhase;
			buildActionMask = 2147483647;
			files = (
			);
			inputFileListPaths = (
			);
			inputPaths = (
				"${PODS_PODFILE_DIR_PATH}/Podfile.lock",
				"${PODS_ROOT}/Manifest.lock",
			);
			name = "[CP] Check Pods Manifest.lock";
			outputFileListPaths = (
			);
			outputPaths = (
				"$(DERIVED_FILE_DIR)/Pods-Master-Sample-checkManifestLockResult.txt",
			);
			runOnlyForDeploymentPostprocessing = 0;
			shellPath = /bin/sh;
			shellScript = "diff \"${PODS_PODFILE_DIR_PATH}/Podfile.lock\" \"${PODS_ROOT}/Manifest.lock\" > /dev/null\nif [ $? != 0 ] ; then\n    # print error to STDERR\n    echo \"error: The sandbox is not in sync with the Podfile.lock. Run 'pod install' or update your CocoaPods installation.\" >&2\n    exit 1\nfi\n# This output is used by Xcode 'outputs' to avoid re-running this script phase.\necho \"SUCCESS\" > \"${SCRIPT_OUTPUT_FILE_0}\"\n";
			showEnvVarsInLog = 0;
		};
/* End PBXShellScriptBuildPhase section */

/* Begin PBXSourcesBuildPhase section */
		8EA015D92338230A002DCBBB /* Sources */ = {
			isa = PBXSourcesBuildPhase;
			buildActionMask = 2147483647;
			files = (
				8EA01619233828BB002DCBBB /* IntroductionViewController.swift in Sources */,
				8E1B55CD23559E9100C12F4D /* ProfileTableItem.swift in Sources */,
				8EA015E32338230A002DCBBB /* LaunchContainerViewController.swift in Sources */,
				8EA2476B237BC41300407166 /* CareViewController.swift in Sources */,
				8E1B55CB23557BB800C12F4D /* ActivityTableViewCell.swift in Sources */,
				8E028F47233839E300159EDF /* StudyTasks.swift in Sources */,
				8E67101B23388E3900AA32AB /* StudyUser.swift in Sources */,
				8E028F43233838F000159EDF /* ActivitiesTableViewController.swift in Sources */,
				8EA2476C237BC41300407166 /* TipView.swift in Sources */,
				8E03635D2378D20F00A645E6 /* RITConfig.swift in Sources */,
				8E1B55CF2355A0D900C12F4D /* StaticProfileViewController.swift in Sources */,
				8EA015FE23382821002DCBBB /* OnboardingViewController.swift in Sources */,
				8EA015E12338230A002DCBBB /* AppDelegate.swift in Sources */,
				8E028F532338555000159EDF /* StudyContainerTabBarController.swift in Sources */,
				8E5AF33123728A1900533967 /* LoginCustomWaitStepViewController.swift in Sources */,
				8EA0161B233828E1002DCBBB /* ConsentDocument.swift in Sources */,
				8E6710092338790800AA32AB /* LoginStep.swift in Sources */,
				8E028F46233839E300159EDF /* ActivityTableItem.swift in Sources */,
				8E028F562338567200159EDF /* HealthKitManager.swift in Sources */,
				8EA0161F23382D76002DCBBB /* HealthDataStep.swift in Sources */,
				8EA2476E237BC51C00407166 /* CareKitManager.swift in Sources */,
				8EA0162123382D83002DCBBB /* HealthDataStepViewController.swift in Sources */,
				8E67101023387C7A00AA32AB /* WithdrawalViewController.swift in Sources */,
				8E6710262338A14D00AA32AB /* ORKESerialization.m in Sources */,
				8E5AF33623728F2300533967 /* Constants.swift in Sources */,
			);
			runOnlyForDeploymentPostprocessing = 0;
		};
/* End PBXSourcesBuildPhase section */

/* Begin PBXTargetDependency section */
		8E55CB422374BD0600F0E9E6 /* PBXTargetDependency */ = {
			isa = PBXTargetDependency;
			name = CS342Support;
			targetProxy = 8E55CB412374BD0600F0E9E6 /* PBXContainerItemProxy */;
		};
/* End PBXTargetDependency section */

/* Begin PBXVariantGroup section */
		8EA015E42338230A002DCBBB /* Main.storyboard */ = {
			isa = PBXVariantGroup;
			children = (
				8EA015E52338230A002DCBBB /* Base */,
			);
			name = Main.storyboard;
			sourceTree = "<group>";
		};
		8EA015E92338230D002DCBBB /* LaunchScreen.storyboard */ = {
			isa = PBXVariantGroup;
			children = (
				8EA015EA2338230D002DCBBB /* Base */,
			);
			name = LaunchScreen.storyboard;
			sourceTree = "<group>";
		};
/* End PBXVariantGroup section */

/* Begin XCBuildConfiguration section */
		8EA015ED2338230D002DCBBB /* Debug */ = {
			isa = XCBuildConfiguration;
			buildSettings = {
				ALWAYS_SEARCH_USER_PATHS = NO;
				CLANG_ANALYZER_NONNULL = YES;
				CLANG_ANALYZER_NUMBER_OBJECT_CONVERSION = YES_AGGRESSIVE;
				CLANG_CXX_LANGUAGE_STANDARD = "gnu++14";
				CLANG_CXX_LIBRARY = "libc++";
				CLANG_ENABLE_MODULES = YES;
				CLANG_ENABLE_OBJC_ARC = YES;
				CLANG_ENABLE_OBJC_WEAK = YES;
				CLANG_WARN_BLOCK_CAPTURE_AUTORELEASING = YES;
				CLANG_WARN_BOOL_CONVERSION = YES;
				CLANG_WARN_COMMA = YES;
				CLANG_WARN_CONSTANT_CONVERSION = YES;
				CLANG_WARN_DEPRECATED_OBJC_IMPLEMENTATIONS = YES;
				CLANG_WARN_DIRECT_OBJC_ISA_USAGE = YES_ERROR;
				CLANG_WARN_DOCUMENTATION_COMMENTS = YES;
				CLANG_WARN_EMPTY_BODY = YES;
				CLANG_WARN_ENUM_CONVERSION = YES;
				CLANG_WARN_INFINITE_RECURSION = YES;
				CLANG_WARN_INT_CONVERSION = YES;
				CLANG_WARN_NON_LITERAL_NULL_CONVERSION = YES;
				CLANG_WARN_OBJC_IMPLICIT_RETAIN_SELF = YES;
				CLANG_WARN_OBJC_LITERAL_CONVERSION = YES;
				CLANG_WARN_OBJC_ROOT_CLASS = YES_ERROR;
				CLANG_WARN_RANGE_LOOP_ANALYSIS = YES;
				CLANG_WARN_STRICT_PROTOTYPES = YES;
				CLANG_WARN_SUSPICIOUS_MOVE = YES;
				CLANG_WARN_UNGUARDED_AVAILABILITY = YES_AGGRESSIVE;
				CLANG_WARN_UNREACHABLE_CODE = YES;
				CLANG_WARN__DUPLICATE_METHOD_MATCH = YES;
				CODE_SIGN_IDENTITY = "iPhone Developer";
				COPY_PHASE_STRIP = NO;
				DEBUG_INFORMATION_FORMAT = dwarf;
				ENABLE_STRICT_OBJC_MSGSEND = YES;
				ENABLE_TESTABILITY = YES;
				GCC_C_LANGUAGE_STANDARD = gnu11;
				GCC_DYNAMIC_NO_PIC = NO;
				GCC_NO_COMMON_BLOCKS = YES;
				GCC_OPTIMIZATION_LEVEL = 0;
				GCC_PREPROCESSOR_DEFINITIONS = (
					"DEBUG=1",
					"$(inherited)",
				);
				GCC_WARN_64_TO_32_BIT_CONVERSION = YES;
				GCC_WARN_ABOUT_RETURN_TYPE = YES_ERROR;
				GCC_WARN_UNDECLARED_SELECTOR = YES;
				GCC_WARN_UNINITIALIZED_AUTOS = YES_AGGRESSIVE;
				GCC_WARN_UNUSED_FUNCTION = YES;
				GCC_WARN_UNUSED_VARIABLE = YES;
				IPHONEOS_DEPLOYMENT_TARGET = 12.4;
				MTL_ENABLE_DEBUG_INFO = INCLUDE_SOURCE;
				MTL_FAST_MATH = YES;
				ONLY_ACTIVE_ARCH = YES;
				SDKROOT = iphoneos;
				SWIFT_ACTIVE_COMPILATION_CONDITIONS = DEBUG;
				SWIFT_OPTIMIZATION_LEVEL = "-Onone";
			};
			name = Debug;
		};
		8EA015EE2338230D002DCBBB /* Release */ = {
			isa = XCBuildConfiguration;
			buildSettings = {
				ALWAYS_SEARCH_USER_PATHS = NO;
				CLANG_ANALYZER_NONNULL = YES;
				CLANG_ANALYZER_NUMBER_OBJECT_CONVERSION = YES_AGGRESSIVE;
				CLANG_CXX_LANGUAGE_STANDARD = "gnu++14";
				CLANG_CXX_LIBRARY = "libc++";
				CLANG_ENABLE_MODULES = YES;
				CLANG_ENABLE_OBJC_ARC = YES;
				CLANG_ENABLE_OBJC_WEAK = YES;
				CLANG_WARN_BLOCK_CAPTURE_AUTORELEASING = YES;
				CLANG_WARN_BOOL_CONVERSION = YES;
				CLANG_WARN_COMMA = YES;
				CLANG_WARN_CONSTANT_CONVERSION = YES;
				CLANG_WARN_DEPRECATED_OBJC_IMPLEMENTATIONS = YES;
				CLANG_WARN_DIRECT_OBJC_ISA_USAGE = YES_ERROR;
				CLANG_WARN_DOCUMENTATION_COMMENTS = YES;
				CLANG_WARN_EMPTY_BODY = YES;
				CLANG_WARN_ENUM_CONVERSION = YES;
				CLANG_WARN_INFINITE_RECURSION = YES;
				CLANG_WARN_INT_CONVERSION = YES;
				CLANG_WARN_NON_LITERAL_NULL_CONVERSION = YES;
				CLANG_WARN_OBJC_IMPLICIT_RETAIN_SELF = YES;
				CLANG_WARN_OBJC_LITERAL_CONVERSION = YES;
				CLANG_WARN_OBJC_ROOT_CLASS = YES_ERROR;
				CLANG_WARN_RANGE_LOOP_ANALYSIS = YES;
				CLANG_WARN_STRICT_PROTOTYPES = YES;
				CLANG_WARN_SUSPICIOUS_MOVE = YES;
				CLANG_WARN_UNGUARDED_AVAILABILITY = YES_AGGRESSIVE;
				CLANG_WARN_UNREACHABLE_CODE = YES;
				CLANG_WARN__DUPLICATE_METHOD_MATCH = YES;
				CODE_SIGN_IDENTITY = "iPhone Developer";
				COPY_PHASE_STRIP = NO;
				DEBUG_INFORMATION_FORMAT = "dwarf-with-dsym";
				ENABLE_NS_ASSERTIONS = NO;
				ENABLE_STRICT_OBJC_MSGSEND = YES;
				GCC_C_LANGUAGE_STANDARD = gnu11;
				GCC_NO_COMMON_BLOCKS = YES;
				GCC_WARN_64_TO_32_BIT_CONVERSION = YES;
				GCC_WARN_ABOUT_RETURN_TYPE = YES_ERROR;
				GCC_WARN_UNDECLARED_SELECTOR = YES;
				GCC_WARN_UNINITIALIZED_AUTOS = YES_AGGRESSIVE;
				GCC_WARN_UNUSED_FUNCTION = YES;
				GCC_WARN_UNUSED_VARIABLE = YES;
				IPHONEOS_DEPLOYMENT_TARGET = 12.4;
				MTL_ENABLE_DEBUG_INFO = NO;
				MTL_FAST_MATH = YES;
				SDKROOT = iphoneos;
				SWIFT_COMPILATION_MODE = wholemodule;
				SWIFT_OPTIMIZATION_LEVEL = "-O";
				VALIDATE_PRODUCT = YES;
			};
			name = Release;
		};
		8EA015F02338230D002DCBBB /* Debug */ = {
			isa = XCBuildConfiguration;
			baseConfigurationReference = FD00C0A5E814CBB847062E4F /* Pods-Master-Sample.debug.xcconfig */;
			buildSettings = {
				ALWAYS_EMBED_SWIFT_STANDARD_LIBRARIES = YES;
				ASSETCATALOG_COMPILER_APPICON_NAME = AppIcon;
				CODE_SIGN_ENTITLEMENTS = "Master-Sample/Supporting Files/Master-Sample.entitlements";
				CODE_SIGN_STYLE = Automatic;
				DEVELOPMENT_TEAM = L5J57DU2Q2;
				INFOPLIST_FILE = "Master-Sample/Supporting Files/Info.plist";
				IPHONEOS_DEPLOYMENT_TARGET = 13.0;
				LD_RUNPATH_SEARCH_PATHS = (
					"$(inherited)",
					"@executable_path/Frameworks",
				);
				PRODUCT_BUNDLE_IDENTIFIER = "edu.stanford.cs342.sample-study";
				PRODUCT_NAME = "$(TARGET_NAME)";
				SWIFT_OBJC_BRIDGING_HEADER = "Master-Sample/Study-Bridging-Header.h";
				SWIFT_VERSION = 5.0;
				TARGETED_DEVICE_FAMILY = "1,2";
			};
			name = Debug;
		};
		8EA015F12338230D002DCBBB /* Release */ = {
			isa = XCBuildConfiguration;
			baseConfigurationReference = 715352001ACBE8D651FF0BEE /* Pods-Master-Sample.release.xcconfig */;
			buildSettings = {
				ALWAYS_EMBED_SWIFT_STANDARD_LIBRARIES = YES;
				ASSETCATALOG_COMPILER_APPICON_NAME = AppIcon;
				CODE_SIGN_ENTITLEMENTS = "Master-Sample/Supporting Files/Master-Sample.entitlements";
				CODE_SIGN_STYLE = Automatic;
				DEVELOPMENT_TEAM = L5J57DU2Q2;
				INFOPLIST_FILE = "Master-Sample/Supporting Files/Info.plist";
				IPHONEOS_DEPLOYMENT_TARGET = 13.0;
				LD_RUNPATH_SEARCH_PATHS = (
					"$(inherited)",
					"@executable_path/Frameworks",
				);
				PRODUCT_BUNDLE_IDENTIFIER = "edu.stanford.cs342.sample-study";
				PRODUCT_NAME = "$(TARGET_NAME)";
				SWIFT_OBJC_BRIDGING_HEADER = "Master-Sample/Study-Bridging-Header.h";
				SWIFT_VERSION = 5.0;
				TARGETED_DEVICE_FAMILY = "1,2";
			};
			name = Release;
		};
/* End XCBuildConfiguration section */

/* Begin XCConfigurationList section */
		8EA015D82338230A002DCBBB /* Build configuration list for PBXProject "Master-Sample" */ = {
			isa = XCConfigurationList;
			buildConfigurations = (
				8EA015ED2338230D002DCBBB /* Debug */,
				8EA015EE2338230D002DCBBB /* Release */,
			);
			defaultConfigurationIsVisible = 0;
			defaultConfigurationName = Release;
		};
		8EA015EF2338230D002DCBBB /* Build configuration list for PBXNativeTarget "Master-Sample" */ = {
			isa = XCConfigurationList;
			buildConfigurations = (
				8EA015F02338230D002DCBBB /* Debug */,
				8EA015F12338230D002DCBBB /* Release */,
			);
			defaultConfigurationIsVisible = 0;
			defaultConfigurationName = Release;
		};
/* End XCConfigurationList section */
	};
	rootObject = 8EA015D52338230A002DCBBB /* Project object */;
}
